
Microsoft Visual Studio Solution File, Format Version 12.00
# Visual Studio Version 16
VisualStudioVersion = 16.0.29424.173
MinimumVisualStudioVersion = 10.0.40219.1
Project("{9A19103F-16F7-4668-BE54-9A1E7A4F7556}") = "VitecMVC_API", "VitecMVC_API\VitecMVC_API.csproj", "{E80F23B3-A77C-494A-AEAD-5417F368ED98}"
EndProject
Global
	GlobalSection(SolutionConfigurationPlatforms) = preSolution
		Debug|Any CPU = Debug|Any CPU
		Release|Any CPU = Release|Any CPU
	EndGlobalSection
	GlobalSection(ProjectConfigurationPlatforms) = postSolution
		{E80F23B3-A77C-494A-AEAD-5417F368ED98}.Debug|Any CPU.ActiveCfg = Debug|Any CPU
		{E80F23B3-A77C-494A-AEAD-5417F368ED98}.Debug|Any CPU.Build.0 = Debug|Any CPU
		{E80F23B3-A77C-494A-AEAD-5417F368ED98}.Release|Any CPU.ActiveCfg = Release|Any CPU
		{E80F23B3-A77C-494A-AEAD-5417F368ED98}.Release|Any CPU.Build.0 = Release|Any CPU
	EndGlobalSection
	GlobalSection(SolutionProperties) = preSolution
		HideSolutionNode = FALSE
	EndGlobalSection
	GlobalSection(ExtensibilityGlobals) = postSolution
		SolutionGuid = {DA3D6395-FA1C-496C-B18A-12C53867C6B1}
	EndGlobalSection
EndGlobal
